
Microsoft Visual Studio Solution File, Format Version 12.00
# Visual Studio 14
VisualStudioVersion = 14.0.25420.1
MinimumVisualStudioVersion = 10.0.40219.1
Project("{FAE04EC0-301F-11D3-BF4B-00C04F79EFBC}") = "WebDemo", "WebDemo\WebDemo.csproj", "{2B3C47EA-F2A8-470E-AAC7-80183CEE4066}"
EndProject
Project("{FAE04EC0-301F-11D3-BF4B-00C04F79EFBC}") = "WebApi", "WebApi\WebApi.csproj", "{74680E77-1547-4440-AF8E-67AB8032B838}"
EndProject
Project("{FAE04EC0-301F-11D3-BF4B-00C04F79EFBC}") = "Models", "Models\Models.csproj", "{13E286E4-5502-477F-8D04-E3C92B17C82E}"
EndProject
Project("{FAE04EC0-301F-11D3-BF4B-00C04F79EFBC}") = "WebApi.Model", "WebApi.Model\WebApi.Model.csproj", "{29552C98-882E-47D4-9293-D759D57EA83A}"
EndProject
Global
	GlobalSection(SolutionConfigurationPlatforms) = preSolution
		Debug|Any CPU = Debug|Any CPU
		Release|Any CPU = Release|Any CPU
	EndGlobalSection
	GlobalSection(ProjectConfigurationPlatforms) = postSolution
		{2B3C47EA-F2A8-470E-AAC7-80183CEE4066}.Debug|Any CPU.ActiveCfg = Debug|Any CPU
		{2B3C47EA-F2A8-470E-AAC7-80183CEE4066}.Debug|Any CPU.Build.0 = Debug|Any CPU
		{2B3C47EA-F2A8-470E-AAC7-80183CEE4066}.Release|Any CPU.ActiveCfg = Release|Any CPU
		{2B3C47EA-F2A8-470E-AAC7-80183CEE4066}.Release|Any CPU.Build.0 = Release|Any CPU
		{74680E77-1547-4440-AF8E-67AB8032B838}.Debug|Any CPU.ActiveCfg = Debug|Any CPU
		{74680E77-1547-4440-AF8E-67AB8032B838}.Debug|Any CPU.Build.0 = Debug|Any CPU
		{74680E77-1547-4440-AF8E-67AB8032B838}.Release|Any CPU.ActiveCfg = Release|Any CPU
		{74680E77-1547-4440-AF8E-67AB8032B838}.Release|Any CPU.Build.0 = Release|Any CPU
		{13E286E4-5502-477F-8D04-E3C92B17C82E}.Debug|Any CPU.ActiveCfg = Debug|Any CPU
		{13E286E4-5502-477F-8D04-E3C92B17C82E}.Debug|Any CPU.Build.0 = Debug|Any CPU
		{13E286E4-5502-477F-8D04-E3C92B17C82E}.Release|Any CPU.ActiveCfg = Release|Any CPU
		{13E286E4-5502-477F-8D04-E3C92B17C82E}.Release|Any CPU.Build.0 = Release|Any CPU
		{29552C98-882E-47D4-9293-D759D57EA83A}.Debug|Any CPU.ActiveCfg = Debug|Any CPU
		{29552C98-882E-47D4-9293-D759D57EA83A}.Debug|Any CPU.Build.0 = Debug|Any CPU
		{29552C98-882E-47D4-9293-D759D57EA83A}.Release|Any CPU.ActiveCfg = Release|Any CPU
		{29552C98-882E-47D4-9293-D759D57EA83A}.Release|Any CPU.Build.0 = Release|Any CPU
	EndGlobalSection
	GlobalSection(SolutionProperties) = preSolution
		HideSolutionNode = FALSE
	EndGlobalSection
EndGlobal
